// !$*UTF8*$!
{
	archiveVersion = 1;
	classes = {
	};
	objectVersion = 46;
	objects = {

/* Begin PBXBuildFile section */
		F278916F1DF247A100D8DA80 /* AppDelegate.swift in Sources */ = {isa = PBXBuildFile; fileRef = F278916E1DF247A100D8DA80 /* AppDelegate.swift */; };
		F27891711DF247A100D8DA80 /* ViewController.swift in Sources */ = {isa = PBXBuildFile; fileRef = F27891701DF247A100D8DA80 /* ViewController.swift */; };
		F27891741DF247A100D8DA80 /* Main.storyboard in Resources */ = {isa = PBXBuildFile; fileRef = F27891721DF247A100D8DA80 /* Main.storyboard */; };
		F27891761DF247A100D8DA80 /* Assets.xcassets in Resources */ = {isa = PBXBuildFile; fileRef = F27891751DF247A100D8DA80 /* Assets.xcassets */; };
		F27891791DF247A100D8DA80 /* LaunchScreen.storyboard in Resources */ = {isa = PBXBuildFile; fileRef = F27891771DF247A100D8DA80 /* LaunchScreen.storyboard */; };
/* End PBXBuildFile section */

/* Begin PBXFileReference section */
		F278916B1DF247A100D8DA80 /* DropItSwift.app */ = {isa = PBXFileReference; explicitFileType = wrapper.application; includeInIndex = 0; path = DropItSwift.app; sourceTree = BUILT_PRODUCTS_DIR; };
		F278916E1DF247A100D8DA80 /* AppDelegate.swift */ = {isa = PBXFileReference; lastKnownFileType = sourcecode.swift; path = AppDelegate.swift; sourceTree = "<group>"; };
		F27891701DF247A100D8DA80 /* ViewController.swift */ = {isa = PBXFileReference; lastKnownFileType = sourcecode.swift; path = ViewController.swift; sourceTree = "<group>"; };
		F27891731DF247A100D8DA80 /* Base */ = {isa = PBXFileReference; lastKnownFileType = file.storyboard; name = Base; path = Base.lproj/Main.storyboard; sourceTree = "<group>"; };
		F27891751DF247A100D8DA80 /* Assets.xcassets */ = {isa = PBXFileReference; lastKnownFileType = folder.assetcatalog; path = Assets.xcassets; sourceTree = "<group>"; };
		F27891781DF247A100D8DA80 /* Base */ = {isa = PBXFileReference; lastKnownFileType = file.storyboard; name = Base; path = Base.lproj/LaunchScreen.storyboard; sourceTree = "<group>"; };
		F278917A1DF247A100D8DA80 /* Info.plist */ = {isa = PBXFileReference; lastKnownFileType = text.plist.xml; path = Info.plist; sourceTree = "<group>"; };
/* End PBXFileReference section */

/* Begin PBXFrameworksBuildPhase section */
		F27891681DF247A100D8DA80 /* Frameworks */ = {
			isa = PBXFrameworksBuildPhase;
			buildActionMask = 2147483647;
			files = (
			);
			runOnlyForDeploymentPostprocessing = 0;
		};
/* End PBXFrameworksBuildPhase section */

/* Begin PBXGroup section */
		F27891621DF247A100D8DA80 = {
			isa = PBXGroup;
			children = (
				F278916D1DF247A100D8DA80 /* DropItSwift */,
				F278916C1DF247A100D8DA80 /* Products */,
			);
			sourceTree = "<group>";
		};
		F278916C1DF247A100D8DA80 /* Products */ = {
			isa = PBXGroup;
			children = (
				F278916B1DF247A100D8DA80 /* DropItSwift.app */,
			);
			name = Products;
			sourceTree = "<group>";
		};
		F278916D1DF247A100D8DA80 /* DropItSwift */ = {
			isa = PBXGroup;
			children = (
				F278916E1DF247A100D8DA80 /* AppDelegate.swift */,
				F27891701DF247A100D8DA80 /* ViewController.swift */,
				F27891721DF247A100D8DA80 /* Main.storyboard */,
				F27891751DF247A100D8DA80 /* Assets.xcassets */,
				F27891771DF247A100D8DA80 /* LaunchScreen.storyboard */,
				F278917A1DF247A100D8DA80 /* Info.plist */,
			);
			path = DropItSwift;
			sourceTree = "<group>";
		};
/* End PBXGroup section */

/* Begin PBXNativeTarget section */
		F278916A1DF247A100D8DA80 /* DropItSwift */ = {
			isa = PBXNativeTarget;
			buildConfigurationList = F278917D1DF247A100D8DA80 /* Build configuration list for PBXNativeTarget "DropItSwift" */;
			buildPhases = (
				F27891671DF247A100D8DA80 /* Sources */,
				F27891681DF247A100D8DA80 /* Frameworks */,
				F27891691DF247A100D8DA80 /* Resources */,
			);
			buildRules = (
			);
			dependencies = (
			);
			name = DropItSwift;
			productName = DropItSwift;
			productReference = F278916B1DF247A100D8DA80 /* DropItSwift.app */;
			productType = "com.apple.product-type.application";
		};
/* End PBXNativeTarget section */

/* Begin PBXProject section */
		F27891631DF247A100D8DA80 /* Project object */ = {
			isa = PBXProject;
			attributes = {
				LastSwiftUpdateCheck = 0810;
				LastUpgradeCheck = 0810;
				ORGANIZATIONNAME = Graycode;
				TargetAttributes = {
					F278916A1DF247A100D8DA80 = {
						CreatedOnToolsVersion = 8.1;
						DevelopmentTeam = JYXR948UZ7;
						ProvisioningStyle = Automatic;
					};
				};
			};
			buildConfigurationList = F27891661DF247A100D8DA80 /* Build configuration list for PBXProject "DropItSwift" */;
			compatibilityVersion = "Xcode 3.2";
			developmentRegion = English;
			hasScannedForEncodings = 0;
			knownRegions = (
				en,
				Base,
			);
			mainGroup = F27891621DF247A100D8DA80;
			productRefGroup = F278916C1DF247A100D8DA80 /* Products */;
			projectDirPath = "";
			projectRoot = "";
			targets = (
				F278916A1DF247A100D8DA80 /* DropItSwift */,
			);
		};
/* End PBXProject section */

/* Begin PBXResourcesBuildPhase section */
		F27891691DF247A100D8DA80 /* Resources */ = {
			isa = PBXResourcesBuildPhase;
			buildActionMask = 2147483647;
			files = (
				F27891791DF247A100D8DA80 /* LaunchScreen.storyboard in Resources */,
				F27891761DF247A100D8DA80 /* Assets.xcassets in Resources */,
				F27891741DF247A100D8DA80 /* Main.storyboard in Resources */,
			);
			runOnlyForDeploymentPostprocessing = 0;
		};
/* End PBXResourcesBuildPhase section */

/* Begin PBXSourcesBuildPhase section */
		F27891671DF247A100D8DA80 /* Sources */ = {
			isa = PBXSourcesBuildPhase;
			buildActionMask = 2147483647;
			files = (
				F27891711DF247A100D8DA80 /* ViewController.swift in Sources */,
				F278916F1DF247A100D8DA80 /* AppDelegate.swift in Sources */,
			);
			runOnlyForDeploymentPostprocessing = 0;
		};
/* End PBXSourcesBuildPhase section */

/* Begin PBXVariantGroup section */
		F27891721DF247A100D8DA80 /* Main.storyboard */ = {
			isa = PBXVariantGroup;
			children = (
				F27891731DF247A100D8DA80 /* Base */,
			);
			name = Main.storyboard;
			sourceTree = "<group>";
		};
		F27891771DF247A100D8DA80 /* LaunchScreen.storyboard */ = {
			isa = PBXVariantGroup;
			children = (
				F27891781DF247A100D8DA80 /* Base */,
			);
			name = LaunchScreen.storyboard;
			sourceTree = "<group>";
		};
/* End PBXVariantGroup section */

/* Begin XCBuildConfiguration section */
		F278917B1DF247A100D8DA80 /* Debug */ = {
			isa = XCBuildConfiguration;
			buildSettings = {
				ALWAYS_SEARCH_USER_PATHS = NO;
				CLANG_ANALYZER_NONNULL = YES;
				CLANG_CXX_LANGUAGE_STANDARD = "gnu++0x";
				CLANG_CXX_LIBRARY = "libc++";
				CLANG_ENABLE_MODULES = YES;
				CLANG_ENABLE_OBJC_ARC = YES;
				CLANG_WARN_BOOL_CONVERSION = YES;
				CLANG_WARN_CONSTANT_CONVERSION = YES;
				CLANG_WARN_DIRECT_OBJC_ISA_USAGE = YES_ERROR;
				CLANG_WARN_DOCUMENTATION_COMMENTS = YES;
				CLANG_WARN_EMPTY_BODY = YES;
				CLANG_WARN_ENUM_CONVERSION = YES;
				CLANG_WARN_INFINITE_RECURSION = YES;
				CLANG_WARN_INT_CONVERSION = YES;
				CLANG_WARN_OBJC_ROOT_CLASS = YES_ERROR;
				CLANG_WARN_SUSPICIOUS_MOVES = YES;
				CLANG_WARN_UNREACHABLE_CODE = YES;
				CLANG_WARN__DUPLICATE_METHOD_MATCH = YES;
				"CODE_SIGN_IDENTITY[sdk=iphoneos*]" = "iPhone Developer";
				COPY_PHASE_STRIP = NO;
				DEBUG_INFORMATION_FORMAT = dwarf;
				ENABLE_STRICT_OBJC_MSGSEND = YES;
				ENABLE_TESTABILITY = YES;
				GCC_C_LANGUAGE_STANDARD = gnu99;
				GCC_DYNAMIC_NO_PIC = NO;
				GCC_NO_COMMON_BLOCKS = YES;
				GCC_OPTIMIZATION_LEVEL = 0;
				GCC_PREPROCESSOR_DEFINITIONS = (
					"DEBUG=1",
					"$(inherited)",
				);
				GCC_WARN_64_TO_32_BIT_CONVERSION = YES;
				GCC_WARN_ABOUT_RETURN_TYPE = YES_ERROR;
				GCC_WARN_UNDECLARED_SELECTOR = YES;
				GCC_WARN_UNINITIALIZED_AUTOS = YES_AGGRESSIVE;
				GCC_WARN_UNUSED_FUNCTION = YES;
				GCC_WARN_UNUSED_VARIABLE = YES;
				IPHONEOS_DEPLOYMENT_TARGET = 10.1;
				MTL_ENABLE_DEBUG_INFO = YES;
				ONLY_ACTIVE_ARCH = YES;
				SDKROOT = iphoneos;
				SWIFT_ACTIVE_COMPILATION_CONDITIONS = DEBUG;
				SWIFT_OPTIMIZATION_LEVEL = "-Onone";
				TARGETED_DEVICE_FAMILY = "1,2";
			};
			name = Debug;
		};
		F278917C1DF247A100D8DA80 /* Release */ = {
			isa = XCBuildConfiguration;
			buildSettings = {
				ALWAYS_SEARCH_USER_PATHS = NO;
				CLANG_ANALYZER_NONNULL = YES;
				CLANG_CXX_LANGUAGE_STANDARD = "gnu++0x";
				CLANG_CXX_LIBRARY = "libc++";
				CLANG_ENABLE_MODULES = YES;
				CLANG_ENABLE_OBJC_ARC = YES;
				CLANG_WARN_BOOL_CONVERSION = YES;
				CLANG_WARN_CONSTANT_CONVERSION = YES;
				CLANG_WARN_DIRECT_OBJC_ISA_USAGE = YES_ERROR;
				CLANG_WARN_DOCUMENTATION_COMMENTS = YES;
				CLANG_WARN_EMPTY_BODY = YES;
				CLANG_WARN_ENUM_CONVERSION = YES;
				CLANG_WARN_INFINITE_RECURSION = YES;
				CLANG_WARN_INT_CONVERSION = YES;
				CLANG_WARN_OBJC_ROOT_CLASS = YES_ERROR;
				CLANG_WARN_SUSPICIOUS_MOVES = YES;
				CLANG_WARN_UNREACHABLE_CODE = YES;
				CLANG_WARN__DUPLICATE_METHOD_MATCH = YES;
				"CODE_SIGN_IDENTITY[sdk=iphoneos*]" = "iPhone Developer";
				COPY_PHASE_STRIP = NO;
				DEBUG_INFORMATION_FORMAT = "dwarf-with-dsym";
				ENABLE_NS_ASSERTIONS = NO;
				ENABLE_STRICT_OBJC_MSGSEND = YES;
				GCC_C_LANGUAGE_STANDARD = gnu99;
				GCC_NO_COMMON_BLOCKS = YES;
				GCC_WARN_64_TO_32_BIT_CONVERSION = YES;
				GCC_WARN_ABOUT_RETURN_TYPE = YES_ERROR;
				GCC_WARN_UNDECLARED_SELECTOR = YES;
				GCC_WARN_UNINITIALIZED_AUTOS = YES_AGGRESSIVE;
				GCC_WARN_UNUSED_FUNCTION = YES;
				GCC_WARN_UNUSED_VARIABLE = YES;
				IPHONEOS_DEPLOYMENT_TARGET = 10.1;
				MTL_ENABLE_DEBUG_INFO = NO;
				SDKROOT = iphoneos;
				SWIFT_OPTIMIZATION_LEVEL = "-Owholemodule";
				TARGETED_DEVICE_FAMILY = "1,2";
				VALIDATE_PRODUCT = YES;
			};
			name = Release;
		};
		F278917E1DF247A100D8DA80 /* Debug */ = {
			isa = XCBuildConfiguration;
			buildSettings = {
				ASSETCATALOG_COMPILER_APPICON_NAME = AppIcon;
				DEVELOPMENT_TEAM = JYXR948UZ7;
				INFOPLIST_FILE = DropItSwift/Info.plist;
				LD_RUNPATH_SEARCH_PATHS = "$(inherited) @executable_path/Frameworks";
				PRODUCT_BUNDLE_IDENTIFIER = graycode.DropItSwift;
				PRODUCT_NAME = "$(TARGET_NAME)";
				SWIFT_VERSION = 3.0;
			};
			name = Debug;
		};
		F278917F1DF247A100D8DA80 /* Release */ = {
			isa = XCBuildConfiguration;
			buildSettings = {
				ASSETCATALOG_COMPILER_APPICON_NAME = AppIcon;
				DEVELOPMENT_TEAM = JYXR948UZ7;
				INFOPLIST_FILE = DropItSwift/Info.plist;
				LD_RUNPATH_SEARCH_PATHS = "$(inherited) @executable_path/Frameworks";
				PRODUCT_BUNDLE_IDENTIFIER = graycode.DropItSwift;
				PRODUCT_NAME = "$(TARGET_NAME)";
				SWIFT_VERSION = 3.0;
			};
			name = Release;
		};
/* End XCBuildConfiguration section */

/* Begin XCConfigurationList section */
		F27891661DF247A100D8DA80 /* Build configuration list for PBXProject "DropItSwift" */ = {
			isa = XCConfigurationList;
			buildConfigurations = (
				F278917B1DF247A100D8DA80 /* Debug */,
				F278917C1DF247A100D8DA80 /* Release */,
			);
			defaultConfigurationIsVisible = 0;
			defaultConfigurationName = Release;
		};
		F278917D1DF247A100D8DA80 /* Build configuration list for PBXNativeTarget "DropItSwift" */ = {
			isa = XCConfigurationList;
			buildConfigurations = (
				F278917E1DF247A100D8DA80 /* Debug */,
				F278917F1DF247A100D8DA80 /* Release */,
			);
			defaultConfigurationIsVisible = 0;
		};
/* End XCConfigurationList section */
	};
	rootObject = F27891631DF247A100D8DA80 /* Project object */;
}
